
Microsoft Visual Studio Solution File, Format Version 12.00
# Visual Studio Version 16
VisualStudioVersion = 16.0.30114.105
MinimumVisualStudioVersion = 10.0.40219.1
Project("{FAE04EC0-301F-11D3-BF4B-00C04F79EFBC}") = "Client", "Client\Client.csproj", "{6CC6AEE9-162D-4A00-83F6-35D885299C11}"
EndProject
Project("{FAE04EC0-301F-11D3-BF4B-00C04F79EFBC}") = "Tests", "Tests\Tests.csproj", "{E64DD280-B2F1-4DAC-9A13-3C32F9BEAF47}"
EndProject
Global
	GlobalSection(SolutionConfigurationPlatforms) = preSolution
		Debug|Any CPU = Debug|Any CPU
		Release|Any CPU = Release|Any CPU
	EndGlobalSection
	GlobalSection(SolutionProperties) = preSolution
		HideSolutionNode = FALSE
	EndGlobalSection
	GlobalSection(ProjectConfigurationPlatforms) = postSolution
		{6CC6AEE9-162D-4A00-83F6-35D885299C11}.Debug|Any CPU.ActiveCfg = Debug|Any CPU
		{6CC6AEE9-162D-4A00-83F6-35D885299C11}.Debug|Any CPU.Build.0 = Debug|Any CPU
		{6CC6AEE9-162D-4A00-83F6-35D885299C11}.Release|Any CPU.ActiveCfg = Release|Any CPU
		{6CC6AEE9-162D-4A00-83F6-35D885299C11}.Release|Any CPU.Build.0 = Release|Any CPU
		{E64DD280-B2F1-4DAC-9A13-3C32F9BEAF47}.Debug|Any CPU.ActiveCfg = Debug|Any CPU
		{E64DD280-B2F1-4DAC-9A13-3C32F9BEAF47}.Debug|Any CPU.Build.0 = Debug|Any CPU
		{E64DD280-B2F1-4DAC-9A13-3C32F9BEAF47}.Release|Any CPU.ActiveCfg = Release|Any CPU
		{E64DD280-B2F1-4DAC-9A13-3C32F9BEAF47}.Release|Any CPU.Build.0 = Release|Any CPU
	EndGlobalSection
EndGlobal
